
Microsoft Visual Studio Solution File, Format Version 12.00
# Visual Studio 2013
VisualStudioVersion = 12.0.21005.1
MinimumVisualStudioVersion = 10.0.40219.1
Project("{FAE04EC0-301F-11D3-BF4B-00C04F79EFBC}") = "CurrencyCoverter", "CurrencyCoverter\CurrencyCoverter.csproj", "{B5A23548-7100-4B3F-B6F1-8B5D0A4B05DA}"
EndProject
Global
	GlobalSection(SolutionConfigurationPlatforms) = preSolution
		Debug|Any CPU = Debug|Any CPU
		Release|Any CPU = Release|Any CPU
	EndGlobalSection
	GlobalSection(ProjectConfigurationPlatforms) = postSolution
		{B5A23548-7100-4B3F-B6F1-8B5D0A4B05DA}.Debug|Any CPU.ActiveCfg = Debug|Any CPU
		{B5A23548-7100-4B3F-B6F1-8B5D0A4B05DA}.Debug|Any CPU.Build.0 = Debug|Any CPU
		{B5A23548-7100-4B3F-B6F1-8B5D0A4B05DA}.Release|Any CPU.ActiveCfg = Release|Any CPU
		{B5A23548-7100-4B3F-B6F1-8B5D0A4B05DA}.Release|Any CPU.Build.0 = Release|Any CPU
	EndGlobalSection
	GlobalSection(SolutionProperties) = preSolution
		HideSolutionNode = FALSE
	EndGlobalSection
EndGlobal
