
Microsoft Visual Studio Solution File, Format Version 12.00
# Visual Studio Version 16
VisualStudioVersion = 16.0.31019.35
MinimumVisualStudioVersion = 10.0.40219.1
Project("{FAE04EC0-301F-11D3-BF4B-00C04F79EFBC}") = "DirectDataAccess", "DirectDataAccess\DirectDataAccess.csproj", "{13F5F623-C335-49DE-BEB9-B5469F174648}"
EndProject
Global
	GlobalSection(SolutionConfigurationPlatforms) = preSolution
		Debug|Any CPU = Debug|Any CPU
		Release|Any CPU = Release|Any CPU
	EndGlobalSection
	GlobalSection(ProjectConfigurationPlatforms) = postSolution
		{13F5F623-C335-49DE-BEB9-B5469F174648}.Debug|Any CPU.ActiveCfg = Debug|Any CPU
		{13F5F623-C335-49DE-BEB9-B5469F174648}.Debug|Any CPU.Build.0 = Debug|Any CPU
		{13F5F623-C335-49DE-BEB9-B5469F174648}.Release|Any CPU.ActiveCfg = Release|Any CPU
		{13F5F623-C335-49DE-BEB9-B5469F174648}.Release|Any CPU.Build.0 = Release|Any CPU
	EndGlobalSection
	GlobalSection(SolutionProperties) = preSolution
		HideSolutionNode = FALSE
	EndGlobalSection
	GlobalSection(ExtensibilityGlobals) = postSolution
		SolutionGuid = {B96D3588-219C-4885-A8E9-7D353E5EC9AA}
	EndGlobalSection
EndGlobal
